// !$*UTF8*$!
{
	archiveVersion = 1;
	classes = {
	};
	objectVersion = 51;
	objects = {

/* Begin PBXBuildFile section */
		6290E699A4368ED45BCEE497 /* Pods_storelink_ios.framework in Frameworks */ = {isa = PBXBuildFile; fileRef = 0E56E5540CD0319B9CCF9E45 /* Pods_storelink_ios.framework */; };
		D718FF7D2513C74D007D0E30 /* IniitialViewController.swift in Sources */ = {isa = PBXBuildFile; fileRef = D718FF7C2513C74D007D0E30 /* IniitialViewController.swift */; };
		D7E5B8E725601604003D37B9 /* MainTabBarController.swift in Sources */ = {isa = PBXBuildFile; fileRef = D7E5B8E625601604003D37B9 /* MainTabBarController.swift */; };
		D7E5B8E92560411B003D37B9 /* Colors.xcassets in Resources */ = {isa = PBXBuildFile; fileRef = D7E5B8E82560411B003D37B9 /* Colors.xcassets */; };
		D7E5B8F02560565A003D37B9 /* Colors.swift in Sources */ = {isa = PBXBuildFile; fileRef = D7E5B8EE2560565A003D37B9 /* Colors.swift */; };
		D7E5B8F12560565A003D37B9 /* Assets.swift in Sources */ = {isa = PBXBuildFile; fileRef = D7E5B8EF2560565A003D37B9 /* Assets.swift */; };
		D7E5B900256193C5003D37B9 /* Strings.swift in Sources */ = {isa = PBXBuildFile; fileRef = D7E5B8FF256193C5003D37B9 /* Strings.swift */; };
		D7E5B906256198EA003D37B9 /* Localizable.strings in Resources */ = {isa = PBXBuildFile; fileRef = D7E5B904256198EA003D37B9 /* Localizable.strings */; };
		D7E5B90925619901003D37B9 /* Localizable.strings in Resources */ = {isa = PBXBuildFile; fileRef = D7E5B90725619901003D37B9 /* Localizable.strings */; };
		D7E6A952251215B700C7E0C9 /* AppDelegate.swift in Sources */ = {isa = PBXBuildFile; fileRef = D7E6A951251215B700C7E0C9 /* AppDelegate.swift */; };
		D7E6A954251215B700C7E0C9 /* SceneDelegate.swift in Sources */ = {isa = PBXBuildFile; fileRef = D7E6A953251215B700C7E0C9 /* SceneDelegate.swift */; };
		D7E6A95B251215B700C7E0C9 /* Assets.xcassets in Resources */ = {isa = PBXBuildFile; fileRef = D7E6A95A251215B700C7E0C9 /* Assets.xcassets */; };
		D7E6A95E251215B700C7E0C9 /* LaunchScreen.storyboard in Resources */ = {isa = PBXBuildFile; fileRef = D7E6A95C251215B700C7E0C9 /* LaunchScreen.storyboard */; };
		D7E6A969251215B700C7E0C9 /* storelink_iosTests.swift in Sources */ = {isa = PBXBuildFile; fileRef = D7E6A968251215B700C7E0C9 /* storelink_iosTests.swift */; };
		D7E6A974251215B700C7E0C9 /* storelink_iosUITests.swift in Sources */ = {isa = PBXBuildFile; fileRef = D7E6A973251215B700C7E0C9 /* storelink_iosUITests.swift */; };
/* End PBXBuildFile section */

/* Begin PBXContainerItemProxy section */
		D7E6A965251215B700C7E0C9 /* PBXContainerItemProxy */ = {
			isa = PBXContainerItemProxy;
			containerPortal = D7E6A946251215B700C7E0C9 /* Project object */;
			proxyType = 1;
			remoteGlobalIDString = D7E6A94D251215B700C7E0C9;
			remoteInfo = "storelink-ios";
		};
		D7E6A970251215B700C7E0C9 /* PBXContainerItemProxy */ = {
			isa = PBXContainerItemProxy;
			containerPortal = D7E6A946251215B700C7E0C9 /* Project object */;
			proxyType = 1;
			remoteGlobalIDString = D7E6A94D251215B700C7E0C9;
			remoteInfo = "storelink-ios";
		};
/* End PBXContainerItemProxy section */

/* Begin PBXFileReference section */
		0E56E5540CD0319B9CCF9E45 /* Pods_storelink_ios.framework */ = {isa = PBXFileReference; explicitFileType = wrapper.framework; includeInIndex = 0; path = Pods_storelink_ios.framework; sourceTree = BUILT_PRODUCTS_DIR; };
		9AE008CFA45C54CCD88A8436 /* Pods-storelink-ios.debug.xcconfig */ = {isa = PBXFileReference; includeInIndex = 1; lastKnownFileType = text.xcconfig; name = "Pods-storelink-ios.debug.xcconfig"; path = "Target Support Files/Pods-storelink-ios/Pods-storelink-ios.debug.xcconfig"; sourceTree = "<group>"; };
		B0BF45651AA32C089E1C3C13 /* Pods-storelink-ios.release.xcconfig */ = {isa = PBXFileReference; includeInIndex = 1; lastKnownFileType = text.xcconfig; name = "Pods-storelink-ios.release.xcconfig"; path = "Target Support Files/Pods-storelink-ios/Pods-storelink-ios.release.xcconfig"; sourceTree = "<group>"; };
		D718FF7C2513C74D007D0E30 /* IniitialViewController.swift */ = {isa = PBXFileReference; lastKnownFileType = sourcecode.swift; path = IniitialViewController.swift; sourceTree = "<group>"; };
		D7E5B8E625601604003D37B9 /* MainTabBarController.swift */ = {isa = PBXFileReference; lastKnownFileType = sourcecode.swift; path = MainTabBarController.swift; sourceTree = "<group>"; };
		D7E5B8E82560411B003D37B9 /* Colors.xcassets */ = {isa = PBXFileReference; lastKnownFileType = folder.assetcatalog; path = Colors.xcassets; sourceTree = "<group>"; };
		D7E5B8EE2560565A003D37B9 /* Colors.swift */ = {isa = PBXFileReference; fileEncoding = 4; lastKnownFileType = sourcecode.swift; path = Colors.swift; sourceTree = "<group>"; };
		D7E5B8EF2560565A003D37B9 /* Assets.swift */ = {isa = PBXFileReference; fileEncoding = 4; lastKnownFileType = sourcecode.swift; path = Assets.swift; sourceTree = "<group>"; };
		D7E5B8FF256193C5003D37B9 /* Strings.swift */ = {isa = PBXFileReference; fileEncoding = 4; lastKnownFileType = sourcecode.swift; path = Strings.swift; sourceTree = "<group>"; };
		D7E5B905256198EA003D37B9 /* ru */ = {isa = PBXFileReference; lastKnownFileType = text.plist.strings; name = ru; path = Localizable.strings; sourceTree = "<group>"; };
		D7E5B90825619901003D37B9 /* en */ = {isa = PBXFileReference; lastKnownFileType = text.plist.strings; name = en; path = Localizable.strings; sourceTree = "<group>"; };
		D7E6A94E251215B700C7E0C9 /* storelink-ios.app */ = {isa = PBXFileReference; explicitFileType = wrapper.application; includeInIndex = 0; path = "storelink-ios.app"; sourceTree = BUILT_PRODUCTS_DIR; };
		D7E6A951251215B700C7E0C9 /* AppDelegate.swift */ = {isa = PBXFileReference; lastKnownFileType = sourcecode.swift; path = AppDelegate.swift; sourceTree = "<group>"; };
		D7E6A953251215B700C7E0C9 /* SceneDelegate.swift */ = {isa = PBXFileReference; lastKnownFileType = sourcecode.swift; path = SceneDelegate.swift; sourceTree = "<group>"; };
		D7E6A95A251215B700C7E0C9 /* Assets.xcassets */ = {isa = PBXFileReference; lastKnownFileType = folder.assetcatalog; path = Assets.xcassets; sourceTree = "<group>"; };
		D7E6A95D251215B700C7E0C9 /* Base */ = {isa = PBXFileReference; lastKnownFileType = file.storyboard; name = Base; path = Base.lproj/LaunchScreen.storyboard; sourceTree = "<group>"; };
		D7E6A95F251215B700C7E0C9 /* Info.plist */ = {isa = PBXFileReference; lastKnownFileType = text.plist.xml; path = Info.plist; sourceTree = "<group>"; };
		D7E6A964251215B700C7E0C9 /* storelink-iosTests.xctest */ = {isa = PBXFileReference; explicitFileType = wrapper.cfbundle; includeInIndex = 0; path = "storelink-iosTests.xctest"; sourceTree = BUILT_PRODUCTS_DIR; };
		D7E6A968251215B700C7E0C9 /* storelink_iosTests.swift */ = {isa = PBXFileReference; lastKnownFileType = sourcecode.swift; path = storelink_iosTests.swift; sourceTree = "<group>"; };
		D7E6A96A251215B700C7E0C9 /* Info.plist */ = {isa = PBXFileReference; lastKnownFileType = text.plist.xml; path = Info.plist; sourceTree = "<group>"; };
		D7E6A96F251215B700C7E0C9 /* storelink-iosUITests.xctest */ = {isa = PBXFileReference; explicitFileType = wrapper.cfbundle; includeInIndex = 0; path = "storelink-iosUITests.xctest"; sourceTree = BUILT_PRODUCTS_DIR; };
		D7E6A973251215B700C7E0C9 /* storelink_iosUITests.swift */ = {isa = PBXFileReference; lastKnownFileType = sourcecode.swift; path = storelink_iosUITests.swift; sourceTree = "<group>"; };
		D7E6A975251215B700C7E0C9 /* Info.plist */ = {isa = PBXFileReference; lastKnownFileType = text.plist.xml; path = Info.plist; sourceTree = "<group>"; };
/* End PBXFileReference section */

/* Begin PBXFrameworksBuildPhase section */
		D7E6A94B251215B700C7E0C9 /* Frameworks */ = {
			isa = PBXFrameworksBuildPhase;
			buildActionMask = 2147483647;
			files = (
				6290E699A4368ED45BCEE497 /* Pods_storelink_ios.framework in Frameworks */,
			);
			runOnlyForDeploymentPostprocessing = 0;
		};
		D7E6A961251215B700C7E0C9 /* Frameworks */ = {
			isa = PBXFrameworksBuildPhase;
			buildActionMask = 2147483647;
			files = (
			);
			runOnlyForDeploymentPostprocessing = 0;
		};
		D7E6A96C251215B700C7E0C9 /* Frameworks */ = {
			isa = PBXFrameworksBuildPhase;
			buildActionMask = 2147483647;
			files = (
			);
			runOnlyForDeploymentPostprocessing = 0;
		};
/* End PBXFrameworksBuildPhase section */

/* Begin PBXGroup section */
		0F5CE3F19B94203314ED9DCC /* Pods */ = {
			isa = PBXGroup;
			children = (
				9AE008CFA45C54CCD88A8436 /* Pods-storelink-ios.debug.xcconfig */,
				B0BF45651AA32C089E1C3C13 /* Pods-storelink-ios.release.xcconfig */,
			);
			path = Pods;
			sourceTree = "<group>";
		};
		D7E5B8ED25605240003D37B9 /* SwiftGen */ = {
			isa = PBXGroup;
			children = (
				D7E5B8FF256193C5003D37B9 /* Strings.swift */,
				D7E5B8EF2560565A003D37B9 /* Assets.swift */,
				D7E5B8EE2560565A003D37B9 /* Colors.swift */,
			);
			path = SwiftGen;
			sourceTree = "<group>";
		};
		D7E5B902256198A0003D37B9 /* ru.lproj */ = {
			isa = PBXGroup;
			children = (
				D7E5B904256198EA003D37B9 /* Localizable.strings */,
			);
			path = ru.lproj;
			sourceTree = "<group>";
		};
		D7E5B903256198AD003D37B9 /* en.lproj */ = {
			isa = PBXGroup;
			children = (
				D7E5B90725619901003D37B9 /* Localizable.strings */,
			);
			path = en.lproj;
			sourceTree = "<group>";
		};
		D7E6A945251215B700C7E0C9 = {
			isa = PBXGroup;
			children = (
				D7E6A950251215B700C7E0C9 /* storelink-ios */,
				D7E6A967251215B700C7E0C9 /* storelink-iosTests */,
				D7E6A972251215B700C7E0C9 /* storelink-iosUITests */,
				D7E6A94F251215B700C7E0C9 /* Products */,
				0F5CE3F19B94203314ED9DCC /* Pods */,
				F55AD9F6E81B14EF726DC74F /* Frameworks */,
			);
			sourceTree = "<group>";
		};
		D7E6A94F251215B700C7E0C9 /* Products */ = {
			isa = PBXGroup;
			children = (
				D7E6A94E251215B700C7E0C9 /* storelink-ios.app */,
				D7E6A964251215B700C7E0C9 /* storelink-iosTests.xctest */,
				D7E6A96F251215B700C7E0C9 /* storelink-iosUITests.xctest */,
			);
			name = Products;
			sourceTree = "<group>";
		};
		D7E6A950251215B700C7E0C9 /* storelink-ios */ = {
			isa = PBXGroup;
			children = (
				D7E6A951251215B700C7E0C9 /* AppDelegate.swift */,
				D7E6A953251215B700C7E0C9 /* SceneDelegate.swift */,
				D718FF7C2513C74D007D0E30 /* IniitialViewController.swift */,
				D7E6A95C251215B700C7E0C9 /* LaunchScreen.storyboard */,
				D7E6A95F251215B700C7E0C9 /* Info.plist */,
				D7E5B8E625601604003D37B9 /* MainTabBarController.swift */,
				D7E5B8ED25605240003D37B9 /* SwiftGen */,
				D7E5B902256198A0003D37B9 /* ru.lproj */,
				D7E5B903256198AD003D37B9 /* en.lproj */,
				D7E6A95A251215B700C7E0C9 /* Assets.xcassets */,
				D7E5B8E82560411B003D37B9 /* Colors.xcassets */,
			);
			path = "storelink-ios";
			sourceTree = "<group>";
		};
		D7E6A967251215B700C7E0C9 /* storelink-iosTests */ = {
			isa = PBXGroup;
			children = (
				D7E6A968251215B700C7E0C9 /* storelink_iosTests.swift */,
				D7E6A96A251215B700C7E0C9 /* Info.plist */,
			);
			path = "storelink-iosTests";
			sourceTree = "<group>";
		};
		D7E6A972251215B700C7E0C9 /* storelink-iosUITests */ = {
			isa = PBXGroup;
			children = (
				D7E6A973251215B700C7E0C9 /* storelink_iosUITests.swift */,
				D7E6A975251215B700C7E0C9 /* Info.plist */,
			);
			path = "storelink-iosUITests";
			sourceTree = "<group>";
		};
		F55AD9F6E81B14EF726DC74F /* Frameworks */ = {
			isa = PBXGroup;
			children = (
				0E56E5540CD0319B9CCF9E45 /* Pods_storelink_ios.framework */,
			);
			name = Frameworks;
			sourceTree = "<group>";
		};
/* End PBXGroup section */

/* Begin PBXNativeTarget section */
		D7E6A94D251215B700C7E0C9 /* storelink-ios */ = {
			isa = PBXNativeTarget;
			buildConfigurationList = D7E6A978251215B700C7E0C9 /* Build configuration list for PBXNativeTarget "storelink-ios" */;
			buildPhases = (
				19CDD3F988B5C0830F41B695 /* [CP] Check Pods Manifest.lock */,
				D7E6A94A251215B700C7E0C9 /* Sources */,
				D7E6A94B251215B700C7E0C9 /* Frameworks */,
				D7E6A94C251215B700C7E0C9 /* Resources */,
				37A5F2452BFF69DB21DC5C17 /* [CP] Embed Pods Frameworks */,
				D7E5B8E3255FFD5E003D37B9 /* ⚙️SwiftLint */,
				D7E5B8EC25604DC9003D37B9 /* ⚙️SwiftGen */,
			);
			buildRules = (
			);
			dependencies = (
			);
			name = "storelink-ios";
			productName = "storelink-ios";
			productReference = D7E6A94E251215B700C7E0C9 /* storelink-ios.app */;
			productType = "com.apple.product-type.application";
		};
		D7E6A963251215B700C7E0C9 /* storelink-iosTests */ = {
			isa = PBXNativeTarget;
			buildConfigurationList = D7E6A97B251215B700C7E0C9 /* Build configuration list for PBXNativeTarget "storelink-iosTests" */;
			buildPhases = (
				D7E6A960251215B700C7E0C9 /* Sources */,
				D7E6A961251215B700C7E0C9 /* Frameworks */,
				D7E6A962251215B700C7E0C9 /* Resources */,
			);
			buildRules = (
			);
			dependencies = (
				D7E6A966251215B700C7E0C9 /* PBXTargetDependency */,
			);
			name = "storelink-iosTests";
			productName = "storelink-iosTests";
			productReference = D7E6A964251215B700C7E0C9 /* storelink-iosTests.xctest */;
			productType = "com.apple.product-type.bundle.unit-test";
		};
		D7E6A96E251215B700C7E0C9 /* storelink-iosUITests */ = {
			isa = PBXNativeTarget;
			buildConfigurationList = D7E6A97E251215B700C7E0C9 /* Build configuration list for PBXNativeTarget "storelink-iosUITests" */;
			buildPhases = (
				D7E6A96B251215B700C7E0C9 /* Sources */,
				D7E6A96C251215B700C7E0C9 /* Frameworks */,
				D7E6A96D251215B700C7E0C9 /* Resources */,
			);
			buildRules = (
			);
			dependencies = (
				D7E6A971251215B700C7E0C9 /* PBXTargetDependency */,
			);
			name = "storelink-iosUITests";
			productName = "storelink-iosUITests";
			productReference = D7E6A96F251215B700C7E0C9 /* storelink-iosUITests.xctest */;
			productType = "com.apple.product-type.bundle.ui-testing";
		};
/* End PBXNativeTarget section */

/* Begin PBXProject section */
		D7E6A946251215B700C7E0C9 /* Project object */ = {
			isa = PBXProject;
			attributes = {
				LastSwiftUpdateCheck = 1160;
				LastUpgradeCheck = 1160;
				ORGANIZATIONNAME = "Акан Акиш";
				TargetAttributes = {
					D7E6A94D251215B700C7E0C9 = {
						CreatedOnToolsVersion = 11.6;
					};
					D7E6A963251215B700C7E0C9 = {
						CreatedOnToolsVersion = 11.6;
						TestTargetID = D7E6A94D251215B700C7E0C9;
					};
					D7E6A96E251215B700C7E0C9 = {
						CreatedOnToolsVersion = 11.6;
						TestTargetID = D7E6A94D251215B700C7E0C9;
					};
				};
			};
			buildConfigurationList = D7E6A949251215B700C7E0C9 /* Build configuration list for PBXProject "storelink-ios" */;
			compatibilityVersion = "Xcode 9.3";
			developmentRegion = en;
			hasScannedForEncodings = 0;
			knownRegions = (
				en,
				Base,
				ru,
			);
			mainGroup = D7E6A945251215B700C7E0C9;
			productRefGroup = D7E6A94F251215B700C7E0C9 /* Products */;
			projectDirPath = "";
			projectRoot = "";
			targets = (
				D7E6A94D251215B700C7E0C9 /* storelink-ios */,
				D7E6A963251215B700C7E0C9 /* storelink-iosTests */,
				D7E6A96E251215B700C7E0C9 /* storelink-iosUITests */,
			);
		};
/* End PBXProject section */

/* Begin PBXResourcesBuildPhase section */
		D7E6A94C251215B700C7E0C9 /* Resources */ = {
			isa = PBXResourcesBuildPhase;
			buildActionMask = 2147483647;
			files = (
				D7E6A95E251215B700C7E0C9 /* LaunchScreen.storyboard in Resources */,
				D7E5B906256198EA003D37B9 /* Localizable.strings in Resources */,
				D7E5B90925619901003D37B9 /* Localizable.strings in Resources */,
				D7E6A95B251215B700C7E0C9 /* Assets.xcassets in Resources */,
				D7E5B8E92560411B003D37B9 /* Colors.xcassets in Resources */,
			);
			runOnlyForDeploymentPostprocessing = 0;
		};
		D7E6A962251215B700C7E0C9 /* Resources */ = {
			isa = PBXResourcesBuildPhase;
			buildActionMask = 2147483647;
			files = (
			);
			runOnlyForDeploymentPostprocessing = 0;
		};
		D7E6A96D251215B700C7E0C9 /* Resources */ = {
			isa = PBXResourcesBuildPhase;
			buildActionMask = 2147483647;
			files = (
			);
			runOnlyForDeploymentPostprocessing = 0;
		};
/* End PBXResourcesBuildPhase section */

/* Begin PBXShellScriptBuildPhase section */
		19CDD3F988B5C0830F41B695 /* [CP] Check Pods Manifest.lock */ = {
			isa = PBXShellScriptBuildPhase;
			buildActionMask = 2147483647;
			files = (
			);
			inputFileListPaths = (
			);
			inputPaths = (
				"${PODS_PODFILE_DIR_PATH}/Podfile.lock",
				"${PODS_ROOT}/Manifest.lock",
			);
			name = "[CP] Check Pods Manifest.lock";
			outputFileListPaths = (
			);
			outputPaths = (
				"$(DERIVED_FILE_DIR)/Pods-storelink-ios-checkManifestLockResult.txt",
			);
			runOnlyForDeploymentPostprocessing = 0;
			shellPath = /bin/sh;
			shellScript = "diff \"${PODS_PODFILE_DIR_PATH}/Podfile.lock\" \"${PODS_ROOT}/Manifest.lock\" > /dev/null\nif [ $? != 0 ] ; then\n    # print error to STDERR\n    echo \"error: The sandbox is not in sync with the Podfile.lock. Run 'pod install' or update your CocoaPods installation.\" >&2\n    exit 1\nfi\n# This output is used by Xcode 'outputs' to avoid re-running this script phase.\necho \"SUCCESS\" > \"${SCRIPT_OUTPUT_FILE_0}\"\n";
			showEnvVarsInLog = 0;
		};
		37A5F2452BFF69DB21DC5C17 /* [CP] Embed Pods Frameworks */ = {
			isa = PBXShellScriptBuildPhase;
			buildActionMask = 2147483647;
			files = (
			);
			inputFileListPaths = (
				"${PODS_ROOT}/Target Support Files/Pods-storelink-ios/Pods-storelink-ios-frameworks-${CONFIGURATION}-input-files.xcfilelist",
			);
			name = "[CP] Embed Pods Frameworks";
			outputFileListPaths = (
				"${PODS_ROOT}/Target Support Files/Pods-storelink-ios/Pods-storelink-ios-frameworks-${CONFIGURATION}-output-files.xcfilelist",
			);
			runOnlyForDeploymentPostprocessing = 0;
			shellPath = /bin/sh;
			shellScript = "\"${PODS_ROOT}/Target Support Files/Pods-storelink-ios/Pods-storelink-ios-frameworks.sh\"\n";
			showEnvVarsInLog = 0;
		};
		D7E5B8E3255FFD5E003D37B9 /* ⚙️SwiftLint */ = {
			isa = PBXShellScriptBuildPhase;
			buildActionMask = 2147483647;
			files = (
			);
			inputFileListPaths = (
			);
			inputPaths = (
			);
			name = "⚙️SwiftLint";
			outputFileListPaths = (
			);
			outputPaths = (
			);
			runOnlyForDeploymentPostprocessing = 0;
			shellPath = /bin/sh;
			shellScript = "if which swiftlint >/dev/null; then\n  swiftlint\nelse\n  echo \"warning: SwiftLint not installed, download from https://github.com/realm/SwiftLint\"\nfi\n";
		};
		D7E5B8EC25604DC9003D37B9 /* ⚙️SwiftGen */ = {
			isa = PBXShellScriptBuildPhase;
			buildActionMask = 2147483647;
			files = (
			);
			inputFileListPaths = (
			);
			inputPaths = (
			);
			name = "⚙️SwiftGen";
			outputFileListPaths = (
			);
			outputPaths = (
			);
			runOnlyForDeploymentPostprocessing = 0;
			shellPath = /bin/sh;
			shellScript = "if which swiftgen >/dev/null; then\n  swiftgen\nelse\n  echo \"warning: SwiftGen not installed, download from https://github.com/SwiftGen/SwiftGen\"\nfi\n";
		};
/* End PBXShellScriptBuildPhase section */

/* Begin PBXSourcesBuildPhase section */
		D7E6A94A251215B700C7E0C9 /* Sources */ = {
			isa = PBXSourcesBuildPhase;
			buildActionMask = 2147483647;
			files = (
				D7E6A952251215B700C7E0C9 /* AppDelegate.swift in Sources */,
				D7E5B8F02560565A003D37B9 /* Colors.swift in Sources */,
				D7E5B8F12560565A003D37B9 /* Assets.swift in Sources */,
				D7E6A954251215B700C7E0C9 /* SceneDelegate.swift in Sources */,
				D7E5B8E725601604003D37B9 /* MainTabBarController.swift in Sources */,
				D718FF7D2513C74D007D0E30 /* IniitialViewController.swift in Sources */,
				D7E5B900256193C5003D37B9 /* Strings.swift in Sources */,
			);
			runOnlyForDeploymentPostprocessing = 0;
		};
		D7E6A960251215B700C7E0C9 /* Sources */ = {
			isa = PBXSourcesBuildPhase;
			buildActionMask = 2147483647;
			files = (
				D7E6A969251215B700C7E0C9 /* storelink_iosTests.swift in Sources */,
			);
			runOnlyForDeploymentPostprocessing = 0;
		};
		D7E6A96B251215B700C7E0C9 /* Sources */ = {
			isa = PBXSourcesBuildPhase;
			buildActionMask = 2147483647;
			files = (
				D7E6A974251215B700C7E0C9 /* storelink_iosUITests.swift in Sources */,
			);
			runOnlyForDeploymentPostprocessing = 0;
		};
/* End PBXSourcesBuildPhase section */

/* Begin PBXTargetDependency section */
		D7E6A966251215B700C7E0C9 /* PBXTargetDependency */ = {
			isa = PBXTargetDependency;
			target = D7E6A94D251215B700C7E0C9 /* storelink-ios */;
			targetProxy = D7E6A965251215B700C7E0C9 /* PBXContainerItemProxy */;
		};
		D7E6A971251215B700C7E0C9 /* PBXTargetDependency */ = {
			isa = PBXTargetDependency;
			target = D7E6A94D251215B700C7E0C9 /* storelink-ios */;
			targetProxy = D7E6A970251215B700C7E0C9 /* PBXContainerItemProxy */;
		};
/* End PBXTargetDependency section */

/* Begin PBXVariantGroup section */
		D7E5B904256198EA003D37B9 /* Localizable.strings */ = {
			isa = PBXVariantGroup;
			children = (
				D7E5B905256198EA003D37B9 /* ru */,
			);
			name = Localizable.strings;
			sourceTree = "<group>";
		};
		D7E5B90725619901003D37B9 /* Localizable.strings */ = {
			isa = PBXVariantGroup;
			children = (
				D7E5B90825619901003D37B9 /* en */,
			);
			name = Localizable.strings;
			sourceTree = "<group>";
		};
		D7E6A95C251215B700C7E0C9 /* LaunchScreen.storyboard */ = {
			isa = PBXVariantGroup;
			children = (
				D7E6A95D251215B700C7E0C9 /* Base */,
			);
			name = LaunchScreen.storyboard;
			sourceTree = "<group>";
		};
/* End PBXVariantGroup section */

/* Begin XCBuildConfiguration section */
		D7E6A976251215B700C7E0C9 /* Debug */ = {
			isa = XCBuildConfiguration;
			buildSettings = {
				ALWAYS_SEARCH_USER_PATHS = NO;
				CLANG_ANALYZER_LOCALIZABILITY_NONLOCALIZED = YES;
				CLANG_ANALYZER_NONNULL = YES;
				CLANG_ANALYZER_NUMBER_OBJECT_CONVERSION = YES_AGGRESSIVE;
				CLANG_CXX_LANGUAGE_STANDARD = "gnu++14";
				CLANG_CXX_LIBRARY = "libc++";
				CLANG_ENABLE_MODULES = YES;
				CLANG_ENABLE_OBJC_ARC = YES;
				CLANG_ENABLE_OBJC_WEAK = YES;
				CLANG_WARN_BLOCK_CAPTURE_AUTORELEASING = YES;
				CLANG_WARN_BOOL_CONVERSION = YES;
				CLANG_WARN_COMMA = YES;
				CLANG_WARN_CONSTANT_CONVERSION = YES;
				CLANG_WARN_DEPRECATED_OBJC_IMPLEMENTATIONS = YES;
				CLANG_WARN_DIRECT_OBJC_ISA_USAGE = YES_ERROR;
				CLANG_WARN_DOCUMENTATION_COMMENTS = YES;
				CLANG_WARN_EMPTY_BODY = YES;
				CLANG_WARN_ENUM_CONVERSION = YES;
				CLANG_WARN_INFINITE_RECURSION = YES;
				CLANG_WARN_INT_CONVERSION = YES;
				CLANG_WARN_NON_LITERAL_NULL_CONVERSION = YES;
				CLANG_WARN_OBJC_IMPLICIT_RETAIN_SELF = YES;
				CLANG_WARN_OBJC_LITERAL_CONVERSION = YES;
				CLANG_WARN_OBJC_ROOT_CLASS = YES_ERROR;
				CLANG_WARN_RANGE_LOOP_ANALYSIS = YES;
				CLANG_WARN_STRICT_PROTOTYPES = YES;
				CLANG_WARN_SUSPICIOUS_MOVE = YES;
				CLANG_WARN_UNGUARDED_AVAILABILITY = YES_AGGRESSIVE;
				CLANG_WARN_UNREACHABLE_CODE = YES;
				CLANG_WARN__DUPLICATE_METHOD_MATCH = YES;
				COPY_PHASE_STRIP = NO;
				DEBUG_INFORMATION_FORMAT = dwarf;
				ENABLE_STRICT_OBJC_MSGSEND = YES;
				ENABLE_TESTABILITY = YES;
				GCC_C_LANGUAGE_STANDARD = gnu11;
				GCC_DYNAMIC_NO_PIC = NO;
				GCC_NO_COMMON_BLOCKS = YES;
				GCC_OPTIMIZATION_LEVEL = 0;
				GCC_PREPROCESSOR_DEFINITIONS = (
					"DEBUG=1",
					"$(inherited)",
				);
				GCC_WARN_64_TO_32_BIT_CONVERSION = YES;
				GCC_WARN_ABOUT_RETURN_TYPE = YES_ERROR;
				GCC_WARN_UNDECLARED_SELECTOR = YES;
				GCC_WARN_UNINITIALIZED_AUTOS = YES_AGGRESSIVE;
				GCC_WARN_UNUSED_FUNCTION = YES;
				GCC_WARN_UNUSED_VARIABLE = YES;
				IPHONEOS_DEPLOYMENT_TARGET = 13.6;
				MTL_ENABLE_DEBUG_INFO = INCLUDE_SOURCE;
				MTL_FAST_MATH = YES;
				ONLY_ACTIVE_ARCH = YES;
				SDKROOT = iphoneos;
				SWIFT_ACTIVE_COMPILATION_CONDITIONS = DEBUG;
				SWIFT_OPTIMIZATION_LEVEL = "-Onone";
			};
			name = Debug;
		};
		D7E6A977251215B700C7E0C9 /* Release */ = {
			isa = XCBuildConfiguration;
			buildSettings = {
				ALWAYS_SEARCH_USER_PATHS = NO;
				CLANG_ANALYZER_LOCALIZABILITY_NONLOCALIZED = YES;
				CLANG_ANALYZER_NONNULL = YES;
				CLANG_ANALYZER_NUMBER_OBJECT_CONVERSION = YES_AGGRESSIVE;
				CLANG_CXX_LANGUAGE_STANDARD = "gnu++14";
				CLANG_CXX_LIBRARY = "libc++";
				CLANG_ENABLE_MODULES = YES;
				CLANG_ENABLE_OBJC_ARC = YES;
				CLANG_ENABLE_OBJC_WEAK = YES;
				CLANG_WARN_BLOCK_CAPTURE_AUTORELEASING = YES;
				CLANG_WARN_BOOL_CONVERSION = YES;
				CLANG_WARN_COMMA = YES;
				CLANG_WARN_CONSTANT_CONVERSION = YES;
				CLANG_WARN_DEPRECATED_OBJC_IMPLEMENTATIONS = YES;
				CLANG_WARN_DIRECT_OBJC_ISA_USAGE = YES_ERROR;
				CLANG_WARN_DOCUMENTATION_COMMENTS = YES;
				CLANG_WARN_EMPTY_BODY = YES;
				CLANG_WARN_ENUM_CONVERSION = YES;
				CLANG_WARN_INFINITE_RECURSION = YES;
				CLANG_WARN_INT_CONVERSION = YES;
				CLANG_WARN_NON_LITERAL_NULL_CONVERSION = YES;
				CLANG_WARN_OBJC_IMPLICIT_RETAIN_SELF = YES;
				CLANG_WARN_OBJC_LITERAL_CONVERSION = YES;
				CLANG_WARN_OBJC_ROOT_CLASS = YES_ERROR;
				CLANG_WARN_RANGE_LOOP_ANALYSIS = YES;
				CLANG_WARN_STRICT_PROTOTYPES = YES;
				CLANG_WARN_SUSPICIOUS_MOVE = YES;
				CLANG_WARN_UNGUARDED_AVAILABILITY = YES_AGGRESSIVE;
				CLANG_WARN_UNREACHABLE_CODE = YES;
				CLANG_WARN__DUPLICATE_METHOD_MATCH = YES;
				COPY_PHASE_STRIP = NO;
				DEBUG_INFORMATION_FORMAT = "dwarf-with-dsym";
				ENABLE_NS_ASSERTIONS = NO;
				ENABLE_STRICT_OBJC_MSGSEND = YES;
				GCC_C_LANGUAGE_STANDARD = gnu11;
				GCC_NO_COMMON_BLOCKS = YES;
				GCC_WARN_64_TO_32_BIT_CONVERSION = YES;
				GCC_WARN_ABOUT_RETURN_TYPE = YES_ERROR;
				GCC_WARN_UNDECLARED_SELECTOR = YES;
				GCC_WARN_UNINITIALIZED_AUTOS = YES_AGGRESSIVE;
				GCC_WARN_UNUSED_FUNCTION = YES;
				GCC_WARN_UNUSED_VARIABLE = YES;
				IPHONEOS_DEPLOYMENT_TARGET = 13.6;
				MTL_ENABLE_DEBUG_INFO = NO;
				MTL_FAST_MATH = YES;
				SDKROOT = iphoneos;
				SWIFT_COMPILATION_MODE = wholemodule;
				SWIFT_OPTIMIZATION_LEVEL = "-O";
				VALIDATE_PRODUCT = YES;
			};
			name = Release;
		};
		D7E6A979251215B700C7E0C9 /* Debug */ = {
			isa = XCBuildConfiguration;
			baseConfigurationReference = 9AE008CFA45C54CCD88A8436 /* Pods-storelink-ios.debug.xcconfig */;
			buildSettings = {
				ASSETCATALOG_COMPILER_APPICON_NAME = AppIcon;
				CODE_SIGN_STYLE = Automatic;
				DEVELOPMENT_TEAM = 6HNL37WZ78;
				INFOPLIST_FILE = "storelink-ios/Info.plist";
				LD_RUNPATH_SEARCH_PATHS = (
					"$(inherited)",
					"@executable_path/Frameworks",
				);
				PRODUCT_BUNDLE_IDENTIFIER = "kz.iitu.storelink-ios";
				PRODUCT_NAME = "$(TARGET_NAME)";
				SWIFT_VERSION = 5.0;
				TARGETED_DEVICE_FAMILY = "1,2";
			};
			name = Debug;
		};
		D7E6A97A251215B700C7E0C9 /* Release */ = {
			isa = XCBuildConfiguration;
			baseConfigurationReference = B0BF45651AA32C089E1C3C13 /* Pods-storelink-ios.release.xcconfig */;
			buildSettings = {
				ASSETCATALOG_COMPILER_APPICON_NAME = AppIcon;
				CODE_SIGN_STYLE = Automatic;
				DEVELOPMENT_TEAM = 6HNL37WZ78;
				INFOPLIST_FILE = "storelink-ios/Info.plist";
				LD_RUNPATH_SEARCH_PATHS = (
					"$(inherited)",
					"@executable_path/Frameworks",
				);
				PRODUCT_BUNDLE_IDENTIFIER = "kz.iitu.storelink-ios";
				PRODUCT_NAME = "$(TARGET_NAME)";
				SWIFT_VERSION = 5.0;
				TARGETED_DEVICE_FAMILY = "1,2";
			};
			name = Release;
		};
		D7E6A97C251215B700C7E0C9 /* Debug */ = {
			isa = XCBuildConfiguration;
			buildSettings = {
				ALWAYS_EMBED_SWIFT_STANDARD_LIBRARIES = YES;
				BUNDLE_LOADER = "$(TEST_HOST)";
				CODE_SIGN_STYLE = Automatic;
				DEVELOPMENT_TEAM = 6HNL37WZ78;
				INFOPLIST_FILE = "storelink-iosTests/Info.plist";
				IPHONEOS_DEPLOYMENT_TARGET = 13.6;
				LD_RUNPATH_SEARCH_PATHS = (
					"$(inherited)",
					"@executable_path/Frameworks",
					"@loader_path/Frameworks",
				);
				PRODUCT_BUNDLE_IDENTIFIER = "kz.iitu.storelink-iosTests";
				PRODUCT_NAME = "$(TARGET_NAME)";
				SWIFT_VERSION = 5.0;
				TARGETED_DEVICE_FAMILY = "1,2";
				TEST_HOST = "$(BUILT_PRODUCTS_DIR)/storelink-ios.app/storelink-ios";
			};
			name = Debug;
		};
		D7E6A97D251215B700C7E0C9 /* Release */ = {
			isa = XCBuildConfiguration;
			buildSettings = {
				ALWAYS_EMBED_SWIFT_STANDARD_LIBRARIES = YES;
				BUNDLE_LOADER = "$(TEST_HOST)";
				CODE_SIGN_STYLE = Automatic;
				DEVELOPMENT_TEAM = 6HNL37WZ78;
				INFOPLIST_FILE = "storelink-iosTests/Info.plist";
				IPHONEOS_DEPLOYMENT_TARGET = 13.6;
				LD_RUNPATH_SEARCH_PATHS = (
					"$(inherited)",
					"@executable_path/Frameworks",
					"@loader_path/Frameworks",
				);
				PRODUCT_BUNDLE_IDENTIFIER = "kz.iitu.storelink-iosTests";
				PRODUCT_NAME = "$(TARGET_NAME)";
				SWIFT_VERSION = 5.0;
				TARGETED_DEVICE_FAMILY = "1,2";
				TEST_HOST = "$(BUILT_PRODUCTS_DIR)/storelink-ios.app/storelink-ios";
			};
			name = Release;
		};
		D7E6A97F251215B700C7E0C9 /* Debug */ = {
			isa = XCBuildConfiguration;
			buildSettings = {
				ALWAYS_EMBED_SWIFT_STANDARD_LIBRARIES = YES;
				CODE_SIGN_STYLE = Automatic;
				DEVELOPMENT_TEAM = 6HNL37WZ78;
				INFOPLIST_FILE = "storelink-iosUITests/Info.plist";
				LD_RUNPATH_SEARCH_PATHS = (
					"$(inherited)",
					"@executable_path/Frameworks",
					"@loader_path/Frameworks",
				);
				PRODUCT_BUNDLE_IDENTIFIER = "kz.iitu.storelink-iosUITests";
				PRODUCT_NAME = "$(TARGET_NAME)";
				SWIFT_VERSION = 5.0;
				TARGETED_DEVICE_FAMILY = "1,2";
				TEST_TARGET_NAME = "storelink-ios";
			};
			name = Debug;
		};
		D7E6A980251215B700C7E0C9 /* Release */ = {
			isa = XCBuildConfiguration;
			buildSettings = {
				ALWAYS_EMBED_SWIFT_STANDARD_LIBRARIES = YES;
				CODE_SIGN_STYLE = Automatic;
				DEVELOPMENT_TEAM = 6HNL37WZ78;
				INFOPLIST_FILE = "storelink-iosUITests/Info.plist";
				LD_RUNPATH_SEARCH_PATHS = (
					"$(inherited)",
					"@executable_path/Frameworks",
					"@loader_path/Frameworks",
				);
				PRODUCT_BUNDLE_IDENTIFIER = "kz.iitu.storelink-iosUITests";
				PRODUCT_NAME = "$(TARGET_NAME)";
				SWIFT_VERSION = 5.0;
				TARGETED_DEVICE_FAMILY = "1,2";
				TEST_TARGET_NAME = "storelink-ios";
			};
			name = Release;
		};
/* End XCBuildConfiguration section */

/* Begin XCConfigurationList section */
		D7E6A949251215B700C7E0C9 /* Build configuration list for PBXProject "storelink-ios" */ = {
			isa = XCConfigurationList;
			buildConfigurations = (
				D7E6A976251215B700C7E0C9 /* Debug */,
				D7E6A977251215B700C7E0C9 /* Release */,
			);
			defaultConfigurationIsVisible = 0;
			defaultConfigurationName = Release;
		};
		D7E6A978251215B700C7E0C9 /* Build configuration list for PBXNativeTarget "storelink-ios" */ = {
			isa = XCConfigurationList;
			buildConfigurations = (
				D7E6A979251215B700C7E0C9 /* Debug */,
				D7E6A97A251215B700C7E0C9 /* Release */,
			);
			defaultConfigurationIsVisible = 0;
			defaultConfigurationName = Release;
		};
		D7E6A97B251215B700C7E0C9 /* Build configuration list for PBXNativeTarget "storelink-iosTests" */ = {
			isa = XCConfigurationList;
			buildConfigurations = (
				D7E6A97C251215B700C7E0C9 /* Debug */,
				D7E6A97D251215B700C7E0C9 /* Release */,
			);
			defaultConfigurationIsVisible = 0;
			defaultConfigurationName = Release;
		};
		D7E6A97E251215B700C7E0C9 /* Build configuration list for PBXNativeTarget "storelink-iosUITests" */ = {
			isa = XCConfigurationList;
			buildConfigurations = (
				D7E6A97F251215B700C7E0C9 /* Debug */,
				D7E6A980251215B700C7E0C9 /* Release */,
			);
			defaultConfigurationIsVisible = 0;
			defaultConfigurationName = Release;
		};
/* End XCConfigurationList section */
	};
	rootObject = D7E6A946251215B700C7E0C9 /* Project object */;
}
